
Microsoft Visual Studio Solution File, Format Version 12.00
# Visual Studio Version 17
VisualStudioVersion = 17.4.33213.308
MinimumVisualStudioVersion = 10.0.40219.1
Project("{FAE04EC0-301F-11D3-BF4B-00C04F79EFBC}") = "MNP1_hienthianhmauRGB", "MNP1_hienthianhmauRGB\MNP1_hienthianhmauRGB.csproj", "{6C4CA4A3-D564-4C0E-9562-53E83A5757CD}"
EndProject
Project("{FAE04EC0-301F-11D3-BF4B-00C04F79EFBC}") = "MNP3_Cvt_img_Aver", "MNP3_Cvt_img_Aver\MNP3_Cvt_img_Aver.csproj", "{1F6DC22B-AC3E-4629-8B71-EB238540BCD6}"
EndProject
Project("{FAE04EC0-301F-11D3-BF4B-00C04F79EFBC}") = "MNP4_Img_Binary", "MNP4_Img_Binary\MNP4_Img_Binary.csproj", "{7FF72C73-D346-45A6-ADF4-C018C675E61E}"
EndProject
Project("{FAE04EC0-301F-11D3-BF4B-00C04F79EFBC}") = "MNP5_histogram_gray", "MNP5_histogram\MNP5_histogram_gray.csproj", "{685349CF-A05A-4FAA-9E35-D248FCBDCCB0}"
EndProject
Project("{FAE04EC0-301F-11D3-BF4B-00C04F79EFBC}") = "MNP5_histogram_RGB", "MNP5_histogram_RGB\MNP5_histogram_RGB.csproj", "{38718366-61C4-4C52-BD2A-F1C1559D81E7}"
EndProject
Project("{FAE04EC0-301F-11D3-BF4B-00C04F79EFBC}") = "MNP6_CMYK", "MNP6_CMYK\MNP6_CMYK.csproj", "{83C8D316-E90C-4609-B7BD-D878EB0FA661}"
EndProject
Project("{FAE04EC0-301F-11D3-BF4B-00C04F79EFBC}") = "MNP7_HSI", "MNP7_HSI\MNP7_HSI.csproj", "{A20711DC-C854-4400-B5ED-05B51513CB69}"
EndProject
Project("{FAE04EC0-301F-11D3-BF4B-00C04F79EFBC}") = "MNP8_HSV", "MNP8_HSV\MNP8_HSV.csproj", "{987A2571-7433-461C-9081-4C4E15062EB8}"
EndProject
Project("{FAE04EC0-301F-11D3-BF4B-00C04F79EFBC}") = "MNP9_XYZ", "MNP9_XYZ\MNP9_XYZ.csproj", "{C5F391E4-91D6-4E2C-99B3-DC6BDB458037}"
EndProject
Project("{FAE04EC0-301F-11D3-BF4B-00C04F79EFBC}") = "MNP10_YCbCr", "MNP10_YCbCr\MNP10_YCbCr.csproj", "{F5F1931B-5BCA-4EF0-ABA4-04C92DFDA2A7}"
EndProject
Project("{FAE04EC0-301F-11D3-BF4B-00C04F79EFBC}") = "MNP11_ColorImageSmoothing", "MNP11_ColorImageSmoothing\MNP11_ColorImageSmoothing.csproj", "{6AB3B679-0F51-4F6C-9C28-745D5E3C9EAB}"
EndProject
Project("{FAE04EC0-301F-11D3-BF4B-00C04F79EFBC}") = "MNP12_Sharping_Img", "MNP12_Sharping_Img\MNP12_Sharping_Img.csproj", "{4D361378-62F9-4820-8A51-02571384B21A}"
EndProject
Project("{FAE04EC0-301F-11D3-BF4B-00C04F79EFBC}") = "MNP13_SegmentImg", "MNP13_SegmentImg\MNP13_SegmentImg.csproj", "{A92885F7-88D6-4E3A-8AE5-E8945DE78EA3}"
EndProject
Project("{FAE04EC0-301F-11D3-BF4B-00C04F79EFBC}") = "MNP14_EdgeDetection", "MNP14_EdgeDetection\MNP14_EdgeDetection.csproj", "{4FEC7F81-111C-4C1F-AD29-9D6416BD0F08}"
EndProject
Project("{FAE04EC0-301F-11D3-BF4B-00C04F79EFBC}") = "MNP15_EdgeDetection_RGB", "MNP15_EdgeDetection_RGB\MNP15_EdgeDetection_RGB.csproj", "{8BF12B0C-11FE-4472-8067-A770E0720613}"
EndProject
Global
	GlobalSection(SolutionConfigurationPlatforms) = preSolution
		Debug|Any CPU = Debug|Any CPU
		Release|Any CPU = Release|Any CPU
	EndGlobalSection
	GlobalSection(ProjectConfigurationPlatforms) = postSolution
		{6C4CA4A3-D564-4C0E-9562-53E83A5757CD}.Debug|Any CPU.ActiveCfg = Debug|Any CPU
		{6C4CA4A3-D564-4C0E-9562-53E83A5757CD}.Debug|Any CPU.Build.0 = Debug|Any CPU
		{6C4CA4A3-D564-4C0E-9562-53E83A5757CD}.Release|Any CPU.ActiveCfg = Release|Any CPU
		{6C4CA4A3-D564-4C0E-9562-53E83A5757CD}.Release|Any CPU.Build.0 = Release|Any CPU
		{1F6DC22B-AC3E-4629-8B71-EB238540BCD6}.Debug|Any CPU.ActiveCfg = Debug|Any CPU
		{1F6DC22B-AC3E-4629-8B71-EB238540BCD6}.Debug|Any CPU.Build.0 = Debug|Any CPU
		{1F6DC22B-AC3E-4629-8B71-EB238540BCD6}.Release|Any CPU.ActiveCfg = Release|Any CPU
		{1F6DC22B-AC3E-4629-8B71-EB238540BCD6}.Release|Any CPU.Build.0 = Release|Any CPU
		{7FF72C73-D346-45A6-ADF4-C018C675E61E}.Debug|Any CPU.ActiveCfg = Debug|Any CPU
		{7FF72C73-D346-45A6-ADF4-C018C675E61E}.Debug|Any CPU.Build.0 = Debug|Any CPU
		{7FF72C73-D346-45A6-ADF4-C018C675E61E}.Release|Any CPU.ActiveCfg = Release|Any CPU
		{7FF72C73-D346-45A6-ADF4-C018C675E61E}.Release|Any CPU.Build.0 = Release|Any CPU
		{685349CF-A05A-4FAA-9E35-D248FCBDCCB0}.Debug|Any CPU.ActiveCfg = Debug|Any CPU
		{685349CF-A05A-4FAA-9E35-D248FCBDCCB0}.Debug|Any CPU.Build.0 = Debug|Any CPU
		{685349CF-A05A-4FAA-9E35-D248FCBDCCB0}.Release|Any CPU.ActiveCfg = Release|Any CPU
		{685349CF-A05A-4FAA-9E35-D248FCBDCCB0}.Release|Any CPU.Build.0 = Release|Any CPU
		{38718366-61C4-4C52-BD2A-F1C1559D81E7}.Debug|Any CPU.ActiveCfg = Debug|Any CPU
		{38718366-61C4-4C52-BD2A-F1C1559D81E7}.Debug|Any CPU.Build.0 = Debug|Any CPU
		{38718366-61C4-4C52-BD2A-F1C1559D81E7}.Release|Any CPU.ActiveCfg = Release|Any CPU
		{38718366-61C4-4C52-BD2A-F1C1559D81E7}.Release|Any CPU.Build.0 = Release|Any CPU
		{83C8D316-E90C-4609-B7BD-D878EB0FA661}.Debug|Any CPU.ActiveCfg = Debug|Any CPU
		{83C8D316-E90C-4609-B7BD-D878EB0FA661}.Debug|Any CPU.Build.0 = Debug|Any CPU
		{83C8D316-E90C-4609-B7BD-D878EB0FA661}.Release|Any CPU.ActiveCfg = Release|Any CPU
		{83C8D316-E90C-4609-B7BD-D878EB0FA661}.Release|Any CPU.Build.0 = Release|Any CPU
		{A20711DC-C854-4400-B5ED-05B51513CB69}.Debug|Any CPU.ActiveCfg = Debug|Any CPU
		{A20711DC-C854-4400-B5ED-05B51513CB69}.Debug|Any CPU.Build.0 = Debug|Any CPU
		{A20711DC-C854-4400-B5ED-05B51513CB69}.Release|Any CPU.ActiveCfg = Release|Any CPU
		{A20711DC-C854-4400-B5ED-05B51513CB69}.Release|Any CPU.Build.0 = Release|Any CPU
		{987A2571-7433-461C-9081-4C4E15062EB8}.Debug|Any CPU.ActiveCfg = Debug|Any CPU
		{987A2571-7433-461C-9081-4C4E15062EB8}.Debug|Any CPU.Build.0 = Debug|Any CPU
		{987A2571-7433-461C-9081-4C4E15062EB8}.Release|Any CPU.ActiveCfg = Release|Any CPU
		{987A2571-7433-461C-9081-4C4E15062EB8}.Release|Any CPU.Build.0 = Release|Any CPU
		{C5F391E4-91D6-4E2C-99B3-DC6BDB458037}.Debug|Any CPU.ActiveCfg = Debug|Any CPU
		{C5F391E4-91D6-4E2C-99B3-DC6BDB458037}.Debug|Any CPU.Build.0 = Debug|Any CPU
		{C5F391E4-91D6-4E2C-99B3-DC6BDB458037}.Release|Any CPU.ActiveCfg = Release|Any CPU
		{C5F391E4-91D6-4E2C-99B3-DC6BDB458037}.Release|Any CPU.Build.0 = Release|Any CPU
		{F5F1931B-5BCA-4EF0-ABA4-04C92DFDA2A7}.Debug|Any CPU.ActiveCfg = Debug|Any CPU
		{F5F1931B-5BCA-4EF0-ABA4-04C92DFDA2A7}.Debug|Any CPU.Build.0 = Debug|Any CPU
		{F5F1931B-5BCA-4EF0-ABA4-04C92DFDA2A7}.Release|Any CPU.ActiveCfg = Release|Any CPU
		{F5F1931B-5BCA-4EF0-ABA4-04C92DFDA2A7}.Release|Any CPU.Build.0 = Release|Any CPU
		{6AB3B679-0F51-4F6C-9C28-745D5E3C9EAB}.Debug|Any CPU.ActiveCfg = Debug|Any CPU
		{6AB3B679-0F51-4F6C-9C28-745D5E3C9EAB}.Debug|Any CPU.Build.0 = Debug|Any CPU
		{6AB3B679-0F51-4F6C-9C28-745D5E3C9EAB}.Release|Any CPU.ActiveCfg = Release|Any CPU
		{6AB3B679-0F51-4F6C-9C28-745D5E3C9EAB}.Release|Any CPU.Build.0 = Release|Any CPU
		{4D361378-62F9-4820-8A51-02571384B21A}.Debug|Any CPU.ActiveCfg = Debug|Any CPU
		{4D361378-62F9-4820-8A51-02571384B21A}.Debug|Any CPU.Build.0 = Debug|Any CPU
		{4D361378-62F9-4820-8A51-02571384B21A}.Release|Any CPU.ActiveCfg = Release|Any CPU
		{4D361378-62F9-4820-8A51-02571384B21A}.Release|Any CPU.Build.0 = Release|Any CPU
		{A92885F7-88D6-4E3A-8AE5-E8945DE78EA3}.Debug|Any CPU.ActiveCfg = Debug|Any CPU
		{A92885F7-88D6-4E3A-8AE5-E8945DE78EA3}.Debug|Any CPU.Build.0 = Debug|Any CPU
		{A92885F7-88D6-4E3A-8AE5-E8945DE78EA3}.Release|Any CPU.ActiveCfg = Release|Any CPU
		{A92885F7-88D6-4E3A-8AE5-E8945DE78EA3}.Release|Any CPU.Build.0 = Release|Any CPU
		{4FEC7F81-111C-4C1F-AD29-9D6416BD0F08}.Debug|Any CPU.ActiveCfg = Debug|Any CPU
		{4FEC7F81-111C-4C1F-AD29-9D6416BD0F08}.Debug|Any CPU.Build.0 = Debug|Any CPU
		{4FEC7F81-111C-4C1F-AD29-9D6416BD0F08}.Release|Any CPU.ActiveCfg = Release|Any CPU
		{4FEC7F81-111C-4C1F-AD29-9D6416BD0F08}.Release|Any CPU.Build.0 = Release|Any CPU
		{8BF12B0C-11FE-4472-8067-A770E0720613}.Debug|Any CPU.ActiveCfg = Debug|Any CPU
		{8BF12B0C-11FE-4472-8067-A770E0720613}.Debug|Any CPU.Build.0 = Debug|Any CPU
		{8BF12B0C-11FE-4472-8067-A770E0720613}.Release|Any CPU.ActiveCfg = Release|Any CPU
		{8BF12B0C-11FE-4472-8067-A770E0720613}.Release|Any CPU.Build.0 = Release|Any CPU
	EndGlobalSection
	GlobalSection(SolutionProperties) = preSolution
		HideSolutionNode = FALSE
	EndGlobalSection
	GlobalSection(ExtensibilityGlobals) = postSolution
		SolutionGuid = {CCA3DF3C-6F18-452E-93F6-25F4427CD0CE}
	EndGlobalSection
EndGlobal
